{
  "name": "App Delivery",
  "description": "Um projeto de aplicativo que permite aos usuários fazerem pedidos através de um site com um banco de dados totalmente integrado.",
  "version": "1.0.0",
  "engines": {
    "node": ">=16.0.0"
  },
  "enginesString": true,
  "scripts": {},
  "repository": {
    "type": "git",
    "url": ""
  },
  "author": "guiroos",
  "license": "ISC",
  "bugs": {
    "url": ""
  },
  "homepage": "",
  "devDepencies": {}
}
